
Microsoft Visual Studio Solution File, Format Version 12.00
# Visual Studio Version 17
VisualStudioVersion = 17.7.34202.233
MinimumVisualStudioVersion = 10.0.40219.1
Project("{FAE04EC0-301F-11D3-BF4B-00C04F79EFBC}") = "Projetin de Construção", "Projetin de Construção.csproj", "{FC2FBBBE-8476-47C1-A5FA-E27F08FEF1D9}"
EndProject
Global
	GlobalSection(SolutionConfigurationPlatforms) = preSolution
		Debug|Any CPU = Debug|Any CPU
		Release|Any CPU = Release|Any CPU
	EndGlobalSection
	GlobalSection(ProjectConfigurationPlatforms) = postSolution
		{FC2FBBBE-8476-47C1-A5FA-E27F08FEF1D9}.Debug|Any CPU.ActiveCfg = Debug|Any CPU
		{FC2FBBBE-8476-47C1-A5FA-E27F08FEF1D9}.Debug|Any CPU.Build.0 = Debug|Any CPU
		{FC2FBBBE-8476-47C1-A5FA-E27F08FEF1D9}.Release|Any CPU.ActiveCfg = Release|Any CPU
		{FC2FBBBE-8476-47C1-A5FA-E27F08FEF1D9}.Release|Any CPU.Build.0 = Release|Any CPU
	EndGlobalSection
	GlobalSection(SolutionProperties) = preSolution
		HideSolutionNode = FALSE
	EndGlobalSection
	GlobalSection(ExtensibilityGlobals) = postSolution
		SolutionGuid = {5FA905F9-7740-47F0-AE24-5B5EC4A82F88}
	EndGlobalSection
EndGlobal
